
Microsoft Visual Studio Solution File, Format Version 12.00
# Visual Studio Version 17
VisualStudioVersion = 17.8.34511.84
MinimumVisualStudioVersion = 10.0.40219.1
Project("{FAE04EC0-301F-11D3-BF4B-00C04F79EFBC}") = "EditorHtml", "EditorHtml\EditorHtml.csproj", "{8C96DF8A-9599-46B2-971A-FDDA47D2231B}"
EndProject
Global
	GlobalSection(SolutionConfigurationPlatforms) = preSolution
		Debug|Any CPU = Debug|Any CPU
		Release|Any CPU = Release|Any CPU
	EndGlobalSection
	GlobalSection(ProjectConfigurationPlatforms) = postSolution
		{8C96DF8A-9599-46B2-971A-FDDA47D2231B}.Debug|Any CPU.ActiveCfg = Debug|Any CPU
		{8C96DF8A-9599-46B2-971A-FDDA47D2231B}.Debug|Any CPU.Build.0 = Debug|Any CPU
		{8C96DF8A-9599-46B2-971A-FDDA47D2231B}.Release|Any CPU.ActiveCfg = Release|Any CPU
		{8C96DF8A-9599-46B2-971A-FDDA47D2231B}.Release|Any CPU.Build.0 = Release|Any CPU
	EndGlobalSection
	GlobalSection(SolutionProperties) = preSolution
		HideSolutionNode = FALSE
	EndGlobalSection
	GlobalSection(ExtensibilityGlobals) = postSolution
		SolutionGuid = {AD5AC627-E1C0-4A8A-859C-9DB3103ED374}
	EndGlobalSection
EndGlobal
